
Microsoft Visual Studio Solution File, Format Version 12.00
# Visual Studio Version 17
VisualStudioVersion = 17.8.34525.116
MinimumVisualStudioVersion = 10.0.40219.1
Project("{FAE04EC0-301F-11D3-BF4B-00C04F79EFBC}") = "Zoo", "Zoo\Zoo.csproj", "{F6C7B67F-C982-4996-A2CD-7345CC617E4E}"
EndProject
Global
	GlobalSection(SolutionConfigurationPlatforms) = preSolution
		Debug|Any CPU = Debug|Any CPU
		Release|Any CPU = Release|Any CPU
	EndGlobalSection
	GlobalSection(ProjectConfigurationPlatforms) = postSolution
		{F6C7B67F-C982-4996-A2CD-7345CC617E4E}.Debug|Any CPU.ActiveCfg = Debug|Any CPU
		{F6C7B67F-C982-4996-A2CD-7345CC617E4E}.Debug|Any CPU.Build.0 = Debug|Any CPU
		{F6C7B67F-C982-4996-A2CD-7345CC617E4E}.Release|Any CPU.ActiveCfg = Release|Any CPU
		{F6C7B67F-C982-4996-A2CD-7345CC617E4E}.Release|Any CPU.Build.0 = Release|Any CPU
	EndGlobalSection
	GlobalSection(SolutionProperties) = preSolution
		HideSolutionNode = FALSE
	EndGlobalSection
	GlobalSection(ExtensibilityGlobals) = postSolution
		SolutionGuid = {527F38B8-C6C6-4D31-9B22-B16E06DA2551}
	EndGlobalSection
EndGlobal
